
Microsoft Visual Studio Solution File, Format Version 12.00
# Visual Studio Version 17
VisualStudioVersion = 17.10.35122.118
MinimumVisualStudioVersion = 10.0.40219.1
Project("{FAE04EC0-301F-11D3-BF4B-00C04F79EFBC}") = "TicTacToe", "TicTacToe\TicTacToe.csproj", "{32FFAC7F-F4AE-4991-A770-C4571E859D9B}"
EndProject
Global
	GlobalSection(SolutionConfigurationPlatforms) = preSolution
		Debug|Any CPU = Debug|Any CPU
		Release|Any CPU = Release|Any CPU
	EndGlobalSection
	GlobalSection(ProjectConfigurationPlatforms) = postSolution
		{32FFAC7F-F4AE-4991-A770-C4571E859D9B}.Debug|Any CPU.ActiveCfg = Debug|Any CPU
		{32FFAC7F-F4AE-4991-A770-C4571E859D9B}.Debug|Any CPU.Build.0 = Debug|Any CPU
		{32FFAC7F-F4AE-4991-A770-C4571E859D9B}.Release|Any CPU.ActiveCfg = Release|Any CPU
		{32FFAC7F-F4AE-4991-A770-C4571E859D9B}.Release|Any CPU.Build.0 = Release|Any CPU
	EndGlobalSection
	GlobalSection(SolutionProperties) = preSolution
		HideSolutionNode = FALSE
	EndGlobalSection
	GlobalSection(ExtensibilityGlobals) = postSolution
		SolutionGuid = {E3C4012A-ABCD-48D0-9D5B-99C723EBD58E}
	EndGlobalSection
EndGlobal
